<?xml version="1.0" encoding="utf-8"?>
<Project ToolsVersion="4.0" xmlns="http://schemas.microsoft.com/developer/msbuild/2003">
  <ItemGroup>
    <Filter Include="소스 파일">
      <UniqueIdentifier>{4FC737F1-C7A5-4376-A066-2A32D752A2FF}</UniqueIdentifier>
      <Extensions>cpp;c;cc;cxx;c++;cppm;ixx;def;odl;idl;hpj;bat;asm;asmx</Extensions>
    </Filter>
    <Filter Include="헤더 파일">
      <UniqueIdentifier>{93995380-89BD-4b04-88EB-625FBE52EBFB}</UniqueIdentifier>
      <Extensions>h;hh;hpp;hxx;h++;hm;inl;inc;ipp;xsd</Extensions>
    </Filter>
    <Filter Include="리소스 파일">
      <UniqueIdentifier>{67DA6AB6-F800-4c08-8B7A-83BB121AAD01}</UniqueIdentifier>
      <Extensions>rc;ico;cur;bmp;dlg;rc2;rct;bin;rgs;gif;jpg;jpeg;jpe;resx;tiff;tif;png;wav;mfcribbon-ms</Extensions>
    </Filter>
    <Filter Include="소스 파일\Control">
      <UniqueIdentifier>{7076f6c7-4046-43e8-8cda-595695312a5a}</UniqueIdentifier>
    </Filter>
    <Filter Include="소스 파일\Boundary">
      <UniqueIdentifier>{ac45c00b-4eb4-4187-9e96-0ba27f2ed5a8}</UniqueIdentifier>
    </Filter>
    <Filter Include="헤더 파일\Control">
      <UniqueIdentifier>{860c7afc-de0d-465b-92d0-a81c0ae1addd}</UniqueIdentifier>
    </Filter>
    <Filter Include="헤더 파일\Boundary">
      <UniqueIdentifier>{ac9787c4-d201-4f91-b19a-bfe05ba9c4e8}</UniqueIdentifier>
    </Filter>
    <Filter Include="소스 파일\Entity">
      <UniqueIdentifier>{84047b0d-6b81-4ae3-a21f-3ce564081e09}</UniqueIdentifier>
    </Filter>
    <Filter Include="헤더 파일\Entity">
      <UniqueIdentifier>{f548d60b-7dfd-46f3-aa19-c02a950efa4b}</UniqueIdentifier>
    </Filter>
  </ItemGroup>
  <ItemGroup>
    <ClCompile Include="main.cpp">
      <Filter>소스 파일</Filter>
    </ClCompile>
    <ClCompile Include="FileIO.cpp">
      <Filter>소스 파일</Filter>
    </ClCompile>
    <ClCompile Include="ShoppingMall.cpp">
      <Filter>소스 파일</Filter>
    </ClCompile>
    <ClCompile Include="BaseBoundary.cpp">
      <Filter>소스 파일\Boundary</Filter>
    </ClCompile>
    <ClCompile Include="BaseControl.cpp">
      <Filter>소스 파일\Control</Filter>
    </ClCompile>
    <ClCompile Include="SearchProductInfo.cpp">
      <Filter>소스 파일\Control</Filter>
    </ClCompile>
    <ClCompile Include="ProductManager.cpp">
      <Filter>소스 파일\Entity</Filter>
    </ClCompile>
    <ClCompile Include="Product.cpp">
      <Filter>소스 파일\Entity</Filter>
    </ClCompile>
    <ClCompile Include="SearchProductInfoUI.cpp">
      <Filter>소스 파일\Boundary</Filter>
    </ClCompile>
    <ClCompile Include="PurchaseProduct.cpp">
      <Filter>소스 파일\Control</Filter>
    </ClCompile>
    <ClCompile Include="PurchaseProductUI.cpp">
      <Filter>소스 파일\Boundary</Filter>
    </ClCompile>
    <ClCompile Include="PurchaseHistory.cpp">
      <Filter>소스 파일\Control</Filter>
    </ClCompile>
    <ClCompile Include="PurchaseHistoryUI.cpp">
      <Filter>소스 파일\Boundary</Filter>
    </ClCompile>
    <ClCompile Include="RateSatisfactionScore.cpp">
      <Filter>소스 파일\Control</Filter>
    </ClCompile>
    <ClCompile Include="RateSatisfactionScoreUI.cpp">
      <Filter>소스 파일\Boundary</Filter>
    </ClCompile>
  </ItemGroup>
  <ItemGroup>
    <ClInclude Include="FileIO.h">
      <Filter>헤더 파일</Filter>
    </ClInclude>
    <ClInclude Include="ShoppingMall.h">
      <Filter>헤더 파일</Filter>
    </ClInclude>
    <ClInclude Include="BaseBoundary.h">
      <Filter>헤더 파일\Boundary</Filter>
    </ClInclude>
    <ClInclude Include="BaseControl.h">
      <Filter>헤더 파일\Control</Filter>
    </ClInclude>
    <ClInclude Include="SearchProductInfo.h">
      <Filter>헤더 파일\Control</Filter>
    </ClInclude>
    <ClInclude Include="ProductManager.h">
      <Filter>헤더 파일\Entity</Filter>
    </ClInclude>
    <ClInclude Include="Product.h">
      <Filter>헤더 파일\Entity</Filter>
    </ClInclude>
    <ClInclude Include="SearchProductInfoUI.h">
      <Filter>헤더 파일\Boundary</Filter>
    </ClInclude>
    <ClInclude Include="PurchaseProduct.h">
      <Filter>헤더 파일\Control</Filter>
    </ClInclude>
    <ClInclude Include="PurchaseProductUI.h">
      <Filter>헤더 파일\Boundary</Filter>
    </ClInclude>
    <ClInclude Include="PurchaseHistory.h">
      <Filter>헤더 파일\Control</Filter>
    </ClInclude>
    <ClInclude Include="PurchaseHistoryUI.h">
      <Filter>헤더 파일\Boundary</Filter>
    </ClInclude>
    <ClInclude Include="RateSatisfactionScore.h">
      <Filter>헤더 파일\Control</Filter>
    </ClInclude>
    <ClInclude Include="RateSatisfactionScoreUI.h">
      <Filter>헤더 파일\Boundary</Filter>
    </ClInclude>
    <ClInclude Include="State.h">
      <Filter>헤더 파일</Filter>
    </ClInclude>
  </ItemGroup>
  <ItemGroup>
    <Text Include="input.txt">
      <Filter>리소스 파일</Filter>
    </Text>
    <Text Include="output.txt">
      <Filter>리소스 파일</Filter>
    </Text>
  </ItemGroup>
</Project>