
Microsoft Visual Studio Solution File, Format Version 12.00
# Visual Studio Version 16
VisualStudioVersion = 16.0.31702.278
MinimumVisualStudioVersion = 10.0.40219.1
Project("{8BC9CEB8-8B4A-11D0-8D11-00A0C91BC942}") = "SWE_Homework3", "SWE_Homework3.vcxproj", "{FA448806-FC33-4518-B61D-1201E325745F}"
EndProject
Global
	GlobalSection(SolutionConfigurationPlatforms) = preSolution
		Debug|x64 = Debug|x64
		Debug|x86 = Debug|x86
		Release|x64 = Release|x64
		Release|x86 = Release|x86
	EndGlobalSection
	GlobalSection(ProjectConfigurationPlatforms) = postSolution
		{FA448806-FC33-4518-B61D-1201E325745F}.Debug|x64.ActiveCfg = Debug|x64
		{FA448806-FC33-4518-B61D-1201E325745F}.Debug|x64.Build.0 = Debug|x64
		{FA448806-FC33-4518-B61D-1201E325745F}.Debug|x86.ActiveCfg = Debug|Win32
		{FA448806-FC33-4518-B61D-1201E325745F}.Debug|x86.Build.0 = Debug|Win32
		{FA448806-FC33-4518-B61D-1201E325745F}.Release|x64.ActiveCfg = Release|x64
		{FA448806-FC33-4518-B61D-1201E325745F}.Release|x64.Build.0 = Release|x64
		{FA448806-FC33-4518-B61D-1201E325745F}.Release|x86.ActiveCfg = Release|Win32
		{FA448806-FC33-4518-B61D-1201E325745F}.Release|x86.Build.0 = Release|Win32
	EndGlobalSection
	GlobalSection(SolutionProperties) = preSolution
		HideSolutionNode = FALSE
	EndGlobalSection
	GlobalSection(ExtensibilityGlobals) = postSolution
		SolutionGuid = {1E591BE8-E5DC-4BC8-A292-BE0D22D8B568}
	EndGlobalSection
EndGlobal
